
Microsoft Visual Studio Solution File, Format Version 12.00
# Visual Studio Version 17
VisualStudioVersion = 17.2.32630.192
MinimumVisualStudioVersion = 10.0.40219.1
Project("{9A19103F-16F7-4668-BE54-9A1E7A4F7556}") = "plNICDriver", "plNICDriver\plNICDriver.csproj", "{3D30A4CE-5B04-49D8-83F0-80266921A8EC}"
EndProject
Project("{FAE04EC0-301F-11D3-BF4B-00C04F79EFBC}") = "TestCSharp", "TestCSharp\TestCSharp.csproj", "{9519DF12-25C5-4031-9B95-B8B877E09A0A}"
EndProject
Global
	GlobalSection(SolutionConfigurationPlatforms) = preSolution
		Debug|Any CPU = Debug|Any CPU
		Release|Any CPU = Release|Any CPU
	EndGlobalSection
	GlobalSection(ProjectConfigurationPlatforms) = postSolution
		{3D30A4CE-5B04-49D8-83F0-80266921A8EC}.Debug|Any CPU.ActiveCfg = Debug|Any CPU
		{3D30A4CE-5B04-49D8-83F0-80266921A8EC}.Debug|Any CPU.Build.0 = Debug|Any CPU
		{3D30A4CE-5B04-49D8-83F0-80266921A8EC}.Release|Any CPU.ActiveCfg = Release|Any CPU
		{3D30A4CE-5B04-49D8-83F0-80266921A8EC}.Release|Any CPU.Build.0 = Release|Any CPU
		{9519DF12-25C5-4031-9B95-B8B877E09A0A}.Debug|Any CPU.ActiveCfg = Debug|Any CPU
		{9519DF12-25C5-4031-9B95-B8B877E09A0A}.Debug|Any CPU.Build.0 = Debug|Any CPU
		{9519DF12-25C5-4031-9B95-B8B877E09A0A}.Release|Any CPU.ActiveCfg = Release|Any CPU
		{9519DF12-25C5-4031-9B95-B8B877E09A0A}.Release|Any CPU.Build.0 = Release|Any CPU
	EndGlobalSection
	GlobalSection(SolutionProperties) = preSolution
		HideSolutionNode = FALSE
	EndGlobalSection
	GlobalSection(ExtensibilityGlobals) = postSolution
		SolutionGuid = {ED529FF7-C5EA-401D-8F32-7F5A2BB33D0C}
	EndGlobalSection
EndGlobal
